
Microsoft Visual Studio Solution File, Format Version 12.00
# Visual Studio Version 16
VisualStudioVersion = 16.0.32106.194
MinimumVisualStudioVersion = 10.0.40219.1
Project("{FAE04EC0-301F-11D3-BF4B-00C04F79EFBC}") = "Capstone Project VITBU Server", "Capstone Project VITBU Server\Capstone Project VITBU Server.csproj", "{7C442FC3-5A49-4B76-9232-2B7FBA8B8220}"
EndProject
Global
	GlobalSection(SolutionConfigurationPlatforms) = preSolution
		Debug|Any CPU = Debug|Any CPU
		Release|Any CPU = Release|Any CPU
	EndGlobalSection
	GlobalSection(ProjectConfigurationPlatforms) = postSolution
		{7C442FC3-5A49-4B76-9232-2B7FBA8B8220}.Debug|Any CPU.ActiveCfg = Debug|Any CPU
		{7C442FC3-5A49-4B76-9232-2B7FBA8B8220}.Debug|Any CPU.Build.0 = Debug|Any CPU
		{7C442FC3-5A49-4B76-9232-2B7FBA8B8220}.Release|Any CPU.ActiveCfg = Release|Any CPU
		{7C442FC3-5A49-4B76-9232-2B7FBA8B8220}.Release|Any CPU.Build.0 = Release|Any CPU
	EndGlobalSection
	GlobalSection(SolutionProperties) = preSolution
		HideSolutionNode = FALSE
	EndGlobalSection
	GlobalSection(ExtensibilityGlobals) = postSolution
		SolutionGuid = {B0A37B1C-C653-4F61-9FD1-83851F601694}
	EndGlobalSection
EndGlobal
